
Microsoft Visual Studio Solution File, Format Version 12.00
# Visual Studio 15
VisualStudioVersion = 15.0.27703.2042
MinimumVisualStudioVersion = 10.0.40219.1
Project("{FAE04EC0-301F-11D3-BF4B-00C04F79EFBC}") = "Sauron", "Sauron\Sauron.csproj", "{904359A8-11F3-41C1-BFDF-6CB996C1B2CC}"
EndProject
Project("{FAE04EC0-301F-11D3-BF4B-00C04F79EFBC}") = "Sauron.Data", "Sauron.Data\Sauron.Data.csproj", "{0C2CDB56-1A3B-478E-B657-604A2D004D50}"
EndProject
Project("{FAE04EC0-301F-11D3-BF4B-00C04F79EFBC}") = "Sauron.Services", "Sauron.Services\Sauron.Services.csproj", "{100DB8F0-E8C6-4090-A2BB-619403D1CFC4}"
EndProject
Project("{2150E333-8FDC-42A3-9474-1A3956D46DE8}") = "Solution Items", "Solution Items", "{B03958A2-42C7-462D-AF27-89DF98348064}"
	ProjectSection(SolutionItems) = preProject
		..\README.md = ..\README.md
		Settings.StyleCop = Settings.StyleCop
	EndProjectSection
EndProject
Project("{FAE04EC0-301F-11D3-BF4B-00C04F79EFBC}") = "Sauron.Identity", "Sauron.Identity\Sauron.Identity.csproj", "{DE48EE5A-E6DB-4DD5-8F3F-92DAC3C422D4}"
EndProject
Project("{FAE04EC0-301F-11D3-BF4B-00C04F79EFBC}") = "Sauron.Common", "Sauron.Common\Sauron.Common.csproj", "{282535E6-29E5-4076-BB03-00BCD4673D11}"
EndProject
Global
	GlobalSection(SolutionConfigurationPlatforms) = preSolution
		Debug|Any CPU = Debug|Any CPU
		Release AWS|Any CPU = Release AWS|Any CPU
		Release|Any CPU = Release|Any CPU
	EndGlobalSection
	GlobalSection(ProjectConfigurationPlatforms) = postSolution
		{904359A8-11F3-41C1-BFDF-6CB996C1B2CC}.Debug|Any CPU.ActiveCfg = Debug|Any CPU
		{904359A8-11F3-41C1-BFDF-6CB996C1B2CC}.Debug|Any CPU.Build.0 = Debug|Any CPU
		{904359A8-11F3-41C1-BFDF-6CB996C1B2CC}.Release AWS|Any CPU.ActiveCfg = Release AWS|Any CPU
		{904359A8-11F3-41C1-BFDF-6CB996C1B2CC}.Release AWS|Any CPU.Build.0 = Release AWS|Any CPU
		{904359A8-11F3-41C1-BFDF-6CB996C1B2CC}.Release|Any CPU.ActiveCfg = Release|Any CPU
		{904359A8-11F3-41C1-BFDF-6CB996C1B2CC}.Release|Any CPU.Build.0 = Release|Any CPU
		{0C2CDB56-1A3B-478E-B657-604A2D004D50}.Debug|Any CPU.ActiveCfg = Debug|Any CPU
		{0C2CDB56-1A3B-478E-B657-604A2D004D50}.Debug|Any CPU.Build.0 = Debug|Any CPU
		{0C2CDB56-1A3B-478E-B657-604A2D004D50}.Release AWS|Any CPU.ActiveCfg = Release AWS|Any CPU
		{0C2CDB56-1A3B-478E-B657-604A2D004D50}.Release AWS|Any CPU.Build.0 = Release AWS|Any CPU
		{0C2CDB56-1A3B-478E-B657-604A2D004D50}.Release|Any CPU.ActiveCfg = Release|Any CPU
		{0C2CDB56-1A3B-478E-B657-604A2D004D50}.Release|Any CPU.Build.0 = Release|Any CPU
		{100DB8F0-E8C6-4090-A2BB-619403D1CFC4}.Debug|Any CPU.ActiveCfg = Debug|Any CPU
		{100DB8F0-E8C6-4090-A2BB-619403D1CFC4}.Debug|Any CPU.Build.0 = Debug|Any CPU
		{100DB8F0-E8C6-4090-A2BB-619403D1CFC4}.Release AWS|Any CPU.ActiveCfg = Release AWS|Any CPU
		{100DB8F0-E8C6-4090-A2BB-619403D1CFC4}.Release AWS|Any CPU.Build.0 = Release AWS|Any CPU
		{100DB8F0-E8C6-4090-A2BB-619403D1CFC4}.Release|Any CPU.ActiveCfg = Release|Any CPU
		{100DB8F0-E8C6-4090-A2BB-619403D1CFC4}.Release|Any CPU.Build.0 = Release|Any CPU
		{DE48EE5A-E6DB-4DD5-8F3F-92DAC3C422D4}.Debug|Any CPU.ActiveCfg = Debug|Any CPU
		{DE48EE5A-E6DB-4DD5-8F3F-92DAC3C422D4}.Debug|Any CPU.Build.0 = Debug|Any CPU
		{DE48EE5A-E6DB-4DD5-8F3F-92DAC3C422D4}.Release AWS|Any CPU.ActiveCfg = Release AWS|Any CPU
		{DE48EE5A-E6DB-4DD5-8F3F-92DAC3C422D4}.Release AWS|Any CPU.Build.0 = Release AWS|Any CPU
		{DE48EE5A-E6DB-4DD5-8F3F-92DAC3C422D4}.Release|Any CPU.ActiveCfg = Release|Any CPU
		{DE48EE5A-E6DB-4DD5-8F3F-92DAC3C422D4}.Release|Any CPU.Build.0 = Release|Any CPU
		{282535E6-29E5-4076-BB03-00BCD4673D11}.Debug|Any CPU.ActiveCfg = Debug|Any CPU
		{282535E6-29E5-4076-BB03-00BCD4673D11}.Debug|Any CPU.Build.0 = Debug|Any CPU
		{282535E6-29E5-4076-BB03-00BCD4673D11}.Release AWS|Any CPU.ActiveCfg = Release|Any CPU
		{282535E6-29E5-4076-BB03-00BCD4673D11}.Release AWS|Any CPU.Build.0 = Release|Any CPU
		{282535E6-29E5-4076-BB03-00BCD4673D11}.Release|Any CPU.ActiveCfg = Release|Any CPU
		{282535E6-29E5-4076-BB03-00BCD4673D11}.Release|Any CPU.Build.0 = Release|Any CPU
	EndGlobalSection
	GlobalSection(SolutionProperties) = preSolution
		HideSolutionNode = FALSE
	EndGlobalSection
	GlobalSection(ExtensibilityGlobals) = postSolution
		SolutionGuid = {3AD8B0DD-9E86-4BFF-A47F-DD33F8432D55}
	EndGlobalSection
EndGlobal
